
Microsoft Visual Studio Solution File, Format Version 12.00
# Visual Studio Version 17
VisualStudioVersion = 17.0.32014.148
MinimumVisualStudioVersion = 10.0.40219.1
Project("{FAE04EC0-301F-11D3-BF4B-00C04F79EFBC}") = "Consumer", "Consumer\Consumer.csproj", "{C4F68920-A2C1-4DFE-A8DD-A3E4575DADB9}"
EndProject
Project("{9A19103F-16F7-4668-BE54-9A1E7A4F7556}") = "Producer1", "Producer1\Producer1.csproj", "{DF3F3F14-4BE3-46A7-B889-1F257CEF9030}"
EndProject
Project("{FAE04EC0-301F-11D3-BF4B-00C04F79EFBC}") = "Consumer_and_Producer", "Consumer_and_Producer\Consumer_and_Producer.csproj", "{4028EEA5-A0E1-4DFB-A613-F535DC3BEF45}"
EndProject
Global
	GlobalSection(SolutionConfigurationPlatforms) = preSolution
		Debug|Any CPU = Debug|Any CPU
		Release|Any CPU = Release|Any CPU
	EndGlobalSection
	GlobalSection(ProjectConfigurationPlatforms) = postSolution
		{C4F68920-A2C1-4DFE-A8DD-A3E4575DADB9}.Debug|Any CPU.ActiveCfg = Debug|Any CPU
		{C4F68920-A2C1-4DFE-A8DD-A3E4575DADB9}.Debug|Any CPU.Build.0 = Debug|Any CPU
		{C4F68920-A2C1-4DFE-A8DD-A3E4575DADB9}.Release|Any CPU.ActiveCfg = Release|Any CPU
		{C4F68920-A2C1-4DFE-A8DD-A3E4575DADB9}.Release|Any CPU.Build.0 = Release|Any CPU
		{DF3F3F14-4BE3-46A7-B889-1F257CEF9030}.Debug|Any CPU.ActiveCfg = Debug|Any CPU
		{DF3F3F14-4BE3-46A7-B889-1F257CEF9030}.Debug|Any CPU.Build.0 = Debug|Any CPU
		{DF3F3F14-4BE3-46A7-B889-1F257CEF9030}.Release|Any CPU.ActiveCfg = Release|Any CPU
		{DF3F3F14-4BE3-46A7-B889-1F257CEF9030}.Release|Any CPU.Build.0 = Release|Any CPU
		{4028EEA5-A0E1-4DFB-A613-F535DC3BEF45}.Debug|Any CPU.ActiveCfg = Debug|Any CPU
		{4028EEA5-A0E1-4DFB-A613-F535DC3BEF45}.Debug|Any CPU.Build.0 = Debug|Any CPU
		{4028EEA5-A0E1-4DFB-A613-F535DC3BEF45}.Release|Any CPU.ActiveCfg = Release|Any CPU
		{4028EEA5-A0E1-4DFB-A613-F535DC3BEF45}.Release|Any CPU.Build.0 = Release|Any CPU
	EndGlobalSection
	GlobalSection(SolutionProperties) = preSolution
		HideSolutionNode = FALSE
	EndGlobalSection
	GlobalSection(ExtensibilityGlobals) = postSolution
		SolutionGuid = {83F0A7FB-23C5-4AF7-AB4B-065E6AAAE7B5}
	EndGlobalSection
EndGlobal
